{
  "originHash" : "70e6b191e959ffcdcac60fd02b26c053760d0615c4b1c0bc3cb794a263842914",
  "pins" : [
    {
      "identity" : "glyph",
      "kind" : "remoteSourceControl",
      "location" : "https://github.com/ChimeHQ/Glyph",
      "state" : {
        "branch" : "main",
        "revision" : "c6ec804a4ca57d09065a18fc11bdccb3d15769e5"
      }
    },
    {
      "identity" : "nsui",
      "kind" : "remoteSourceControl",
      "location" : "https://github.com/mattmassicotte/NSUI",
      "state" : {
        "branch" : "main",
        "revision" : "8792b2f789bf03be1be9ecb4df43d2bfe0e5d361"
      }
    },
    {
      "identity" : "rearrange",
      "kind" : "remoteSourceControl",
      "location" : "https://github.com/ChimeHQ/Rearrange",
      "state" : {
        "branch" : "main",
        "revision" : "e46be5a1e01bbd170a7113e99c0a5c2b36832fe9"
      }
    },
    {
      "identity" : "swifttreesitter",
      "kind" : "remoteSourceControl",
      "location" : "https://github.com/ChimeHQ/SwiftTreeSitter",
      "state" : {
        "branch" : "main",
        "revision" : "bf1030d3f6816945f022dbff97bf62747b3bc0d3"
      }
    },
    {
      "identity" : "tree-sitter",
      "kind" : "remoteSourceControl",
      "location" : "https://github.com/tree-sitter/tree-sitter",
      "state" : {
        "revision" : "98be227227af10cc7a269cb3ffb23686c0610b17",
        "version" : "0.20.9"
      }
    },
    {
      "identity" : "tree-sitter-html",
      "kind" : "remoteSourceControl",
      "location" : "https://github.com/tree-sitter/tree-sitter-html",
      "state" : {
        "branch" : "master",
        "revision" : "e4d834eb4918df01dcad5c27d1b15d56e3bd94cd"
      }
    },
    {
      "identity" : "tree-sitter-markdown",
      "kind" : "remoteSourceControl",
      "location" : "https://github.com/tree-sitter-grammars/tree-sitter-markdown",
      "state" : {
        "branch" : "split_parser",
        "revision" : "7fe453beacecf02c86f7736439f238f5bb8b5c9b"
      }
    },
    {
      "identity" : "tree-sitter-swift",
      "kind" : "remoteSourceControl",
      "location" : "https://github.com/alex-pinkus/tree-sitter-swift",
      "state" : {
        "branch" : "with-generated-files",
        "revision" : "33e56e4e2a6455f3fd4e04cfe5c7a314d498612d"
      }
    },
    {
      "identity" : "tree-sitter-yaml",
      "kind" : "remoteSourceControl",
      "location" : "https://github.com/tree-sitter-grammars/tree-sitter-yaml",
      "state" : {
        "branch" : "master",
        "revision" : "7b03feefd36b5f155465ca736c6304aca983b267"
      }
    }
  ],
  "version" : 3
}
