// !$*UTF8*$!
{
	archiveVersion = 1;
	classes = {
	};
	objectVersion = 56;
	objects = {

/* Begin PBXBuildFile section */
		A61F12DD2C02559600427ACB /* Samples.swift in Sources */ = {isa = PBXBuildFile; fileRef = A61F12DC2C02559500427ACB /* Samples.swift */; };
		A68DA5AE2C0198F900390C89 /* TextViewSitterExampleApp.swift in Sources */ = {isa = PBXBuildFile; fileRef = A68DA5AD2C0198F900390C89 /* TextViewSitterExampleApp.swift */; };
		A68DA5B02C0198F900390C89 /* ContentView.swift in Sources */ = {isa = PBXBuildFile; fileRef = A68DA5AF2C0198F900390C89 /* ContentView.swift */; };
		A68DA5B22C0198F900390C89 /* Item.swift in Sources */ = {isa = PBXBuildFile; fileRef = A68DA5B12C0198F900390C89 /* Item.swift */; };
		A68DA5B42C0198FA00390C89 /* Assets.xcassets in Resources */ = {isa = PBXBuildFile; fileRef = A68DA5B32C0198FA00390C89 /* Assets.xcassets */; };
		A68DA5B82C0198FA00390C89 /* Preview Assets.xcassets in Resources */ = {isa = PBXBuildFile; fileRef = A68DA5B72C0198FA00390C89 /* Preview Assets.xcassets */; };
		A68DA5C22C0198FB00390C89 /* TextViewSitterExampleTests.swift in Sources */ = {isa = PBXBuildFile; fileRef = A68DA5C12C0198FB00390C89 /* TextViewSitterExampleTests.swift */; };
		A68DA5CC2C0198FB00390C89 /* TextViewSitterExampleUITests.swift in Sources */ = {isa = PBXBuildFile; fileRef = A68DA5CB2C0198FB00390C89 /* TextViewSitterExampleUITests.swift */; };
		A68DA5CE2C0198FB00390C89 /* TextViewSitterExampleUITestsLaunchTests.swift in Sources */ = {isa = PBXBuildFile; fileRef = A68DA5CD2C0198FB00390C89 /* TextViewSitterExampleUITestsLaunchTests.swift */; };
		A68DA5DD2C019B5800390C89 /* TextViewSitter in Frameworks */ = {isa = PBXBuildFile; productRef = A68DA5DC2C019B5800390C89 /* TextViewSitter */; };
/* End PBXBuildFile section */

/* Begin PBXContainerItemProxy section */
		A68DA5BE2C0198FB00390C89 /* PBXContainerItemProxy */ = {
			isa = PBXContainerItemProxy;
			containerPortal = A68DA5A22C0198F900390C89 /* Project object */;
			proxyType = 1;
			remoteGlobalIDString = A68DA5A92C0198F900390C89;
			remoteInfo = TextViewSitterExample;
		};
		A68DA5C82C0198FB00390C89 /* PBXContainerItemProxy */ = {
			isa = PBXContainerItemProxy;
			containerPortal = A68DA5A22C0198F900390C89 /* Project object */;
			proxyType = 1;
			remoteGlobalIDString = A68DA5A92C0198F900390C89;
			remoteInfo = TextViewSitterExample;
		};
/* End PBXContainerItemProxy section */

/* Begin PBXFileReference section */
		A61F12DC2C02559500427ACB /* Samples.swift */ = {isa = PBXFileReference; lastKnownFileType = sourcecode.swift; path = Samples.swift; sourceTree = "<group>"; };
		A68DA5AA2C0198F900390C89 /* TextViewSitterExample.app */ = {isa = PBXFileReference; explicitFileType = wrapper.application; includeInIndex = 0; path = TextViewSitterExample.app; sourceTree = BUILT_PRODUCTS_DIR; };
		A68DA5AD2C0198F900390C89 /* TextViewSitterExampleApp.swift */ = {isa = PBXFileReference; lastKnownFileType = sourcecode.swift; path = TextViewSitterExampleApp.swift; sourceTree = "<group>"; };
		A68DA5AF2C0198F900390C89 /* ContentView.swift */ = {isa = PBXFileReference; lastKnownFileType = sourcecode.swift; path = ContentView.swift; sourceTree = "<group>"; };
		A68DA5B12C0198F900390C89 /* Item.swift */ = {isa = PBXFileReference; lastKnownFileType = sourcecode.swift; path = Item.swift; sourceTree = "<group>"; };
		A68DA5B32C0198FA00390C89 /* Assets.xcassets */ = {isa = PBXFileReference; lastKnownFileType = folder.assetcatalog; path = Assets.xcassets; sourceTree = "<group>"; };
		A68DA5B52C0198FA00390C89 /* TextViewSitterExample.entitlements */ = {isa = PBXFileReference; lastKnownFileType = text.plist.entitlements; path = TextViewSitterExample.entitlements; sourceTree = "<group>"; };
		A68DA5B72C0198FA00390C89 /* Preview Assets.xcassets */ = {isa = PBXFileReference; lastKnownFileType = folder.assetcatalog; path = "Preview Assets.xcassets"; sourceTree = "<group>"; };
		A68DA5BD2C0198FB00390C89 /* TextViewSitterExampleTests.xctest */ = {isa = PBXFileReference; explicitFileType = wrapper.cfbundle; includeInIndex = 0; path = TextViewSitterExampleTests.xctest; sourceTree = BUILT_PRODUCTS_DIR; };
		A68DA5C12C0198FB00390C89 /* TextViewSitterExampleTests.swift */ = {isa = PBXFileReference; lastKnownFileType = sourcecode.swift; path = TextViewSitterExampleTests.swift; sourceTree = "<group>"; };
		A68DA5C72C0198FB00390C89 /* TextViewSitterExampleUITests.xctest */ = {isa = PBXFileReference; explicitFileType = wrapper.cfbundle; includeInIndex = 0; path = TextViewSitterExampleUITests.xctest; sourceTree = BUILT_PRODUCTS_DIR; };
		A68DA5CB2C0198FB00390C89 /* TextViewSitterExampleUITests.swift */ = {isa = PBXFileReference; lastKnownFileType = sourcecode.swift; path = TextViewSitterExampleUITests.swift; sourceTree = "<group>"; };
		A68DA5CD2C0198FB00390C89 /* TextViewSitterExampleUITestsLaunchTests.swift */ = {isa = PBXFileReference; lastKnownFileType = sourcecode.swift; path = TextViewSitterExampleUITestsLaunchTests.swift; sourceTree = "<group>"; };
		A68DA5DA2C01990700390C89 /* TextViewSitter */ = {isa = PBXFileReference; lastKnownFileType = wrapper; name = TextViewSitter; path = ..; sourceTree = "<group>"; };
/* End PBXFileReference section */

/* Begin PBXFrameworksBuildPhase section */
		A68DA5A72C0198F900390C89 /* Frameworks */ = {
			isa = PBXFrameworksBuildPhase;
			buildActionMask = 2147483647;
			files = (
				A68DA5DD2C019B5800390C89 /* TextViewSitter in Frameworks */,
			);
			runOnlyForDeploymentPostprocessing = 0;
		};
		A68DA5BA2C0198FB00390C89 /* Frameworks */ = {
			isa = PBXFrameworksBuildPhase;
			buildActionMask = 2147483647;
			files = (
			);
			runOnlyForDeploymentPostprocessing = 0;
		};
		A68DA5C42C0198FB00390C89 /* Frameworks */ = {
			isa = PBXFrameworksBuildPhase;
			buildActionMask = 2147483647;
			files = (
			);
			runOnlyForDeploymentPostprocessing = 0;
		};
/* End PBXFrameworksBuildPhase section */

/* Begin PBXGroup section */
		A68DA5A12C0198F900390C89 = {
			isa = PBXGroup;
			children = (
				A68DA5DA2C01990700390C89 /* TextViewSitter */,
				A68DA5AC2C0198F900390C89 /* TextViewSitterExample */,
				A68DA5C02C0198FB00390C89 /* TextViewSitterExampleTests */,
				A68DA5CA2C0198FB00390C89 /* TextViewSitterExampleUITests */,
				A68DA5AB2C0198F900390C89 /* Products */,
				A68DA5DB2C019B5800390C89 /* Frameworks */,
			);
			sourceTree = "<group>";
		};
		A68DA5AB2C0198F900390C89 /* Products */ = {
			isa = PBXGroup;
			children = (
				A68DA5AA2C0198F900390C89 /* TextViewSitterExample.app */,
				A68DA5BD2C0198FB00390C89 /* TextViewSitterExampleTests.xctest */,
				A68DA5C72C0198FB00390C89 /* TextViewSitterExampleUITests.xctest */,
			);
			name = Products;
			sourceTree = "<group>";
		};
		A68DA5AC2C0198F900390C89 /* TextViewSitterExample */ = {
			isa = PBXGroup;
			children = (
				A68DA5AD2C0198F900390C89 /* TextViewSitterExampleApp.swift */,
				A68DA5AF2C0198F900390C89 /* ContentView.swift */,
				A68DA5B12C0198F900390C89 /* Item.swift */,
				A68DA5B32C0198FA00390C89 /* Assets.xcassets */,
				A68DA5B52C0198FA00390C89 /* TextViewSitterExample.entitlements */,
				A68DA5B62C0198FA00390C89 /* Preview Content */,
				A61F12DC2C02559500427ACB /* Samples.swift */,
			);
			path = TextViewSitterExample;
			sourceTree = "<group>";
		};
		A68DA5B62C0198FA00390C89 /* Preview Content */ = {
			isa = PBXGroup;
			children = (
				A68DA5B72C0198FA00390C89 /* Preview Assets.xcassets */,
			);
			path = "Preview Content";
			sourceTree = "<group>";
		};
		A68DA5C02C0198FB00390C89 /* TextViewSitterExampleTests */ = {
			isa = PBXGroup;
			children = (
				A68DA5C12C0198FB00390C89 /* TextViewSitterExampleTests.swift */,
			);
			path = TextViewSitterExampleTests;
			sourceTree = "<group>";
		};
		A68DA5CA2C0198FB00390C89 /* TextViewSitterExampleUITests */ = {
			isa = PBXGroup;
			children = (
				A68DA5CB2C0198FB00390C89 /* TextViewSitterExampleUITests.swift */,
				A68DA5CD2C0198FB00390C89 /* TextViewSitterExampleUITestsLaunchTests.swift */,
			);
			path = TextViewSitterExampleUITests;
			sourceTree = "<group>";
		};
		A68DA5DB2C019B5800390C89 /* Frameworks */ = {
			isa = PBXGroup;
			children = (
			);
			name = Frameworks;
			sourceTree = "<group>";
		};
/* End PBXGroup section */

/* Begin PBXNativeTarget section */
		A68DA5A92C0198F900390C89 /* TextViewSitterExample */ = {
			isa = PBXNativeTarget;
			buildConfigurationList = A68DA5D12C0198FB00390C89 /* Build configuration list for PBXNativeTarget "TextViewSitterExample" */;
			buildPhases = (
				A68DA5A62C0198F900390C89 /* Sources */,
				A68DA5A72C0198F900390C89 /* Frameworks */,
				A68DA5A82C0198F900390C89 /* Resources */,
			);
			buildRules = (
			);
			dependencies = (
			);
			name = TextViewSitterExample;
			packageProductDependencies = (
				A68DA5DC2C019B5800390C89 /* TextViewSitter */,
			);
			productName = TextViewSitterExample;
			productReference = A68DA5AA2C0198F900390C89 /* TextViewSitterExample.app */;
			productType = "com.apple.product-type.application";
		};
		A68DA5BC2C0198FB00390C89 /* TextViewSitterExampleTests */ = {
			isa = PBXNativeTarget;
			buildConfigurationList = A68DA5D42C0198FB00390C89 /* Build configuration list for PBXNativeTarget "TextViewSitterExampleTests" */;
			buildPhases = (
				A68DA5B92C0198FB00390C89 /* Sources */,
				A68DA5BA2C0198FB00390C89 /* Frameworks */,
				A68DA5BB2C0198FB00390C89 /* Resources */,
			);
			buildRules = (
			);
			dependencies = (
				A68DA5BF2C0198FB00390C89 /* PBXTargetDependency */,
			);
			name = TextViewSitterExampleTests;
			productName = TextViewSitterExampleTests;
			productReference = A68DA5BD2C0198FB00390C89 /* TextViewSitterExampleTests.xctest */;
			productType = "com.apple.product-type.bundle.unit-test";
		};
		A68DA5C62C0198FB00390C89 /* TextViewSitterExampleUITests */ = {
			isa = PBXNativeTarget;
			buildConfigurationList = A68DA5D72C0198FB00390C89 /* Build configuration list for PBXNativeTarget "TextViewSitterExampleUITests" */;
			buildPhases = (
				A68DA5C32C0198FB00390C89 /* Sources */,
				A68DA5C42C0198FB00390C89 /* Frameworks */,
				A68DA5C52C0198FB00390C89 /* Resources */,
			);
			buildRules = (
			);
			dependencies = (
				A68DA5C92C0198FB00390C89 /* PBXTargetDependency */,
			);
			name = TextViewSitterExampleUITests;
			productName = TextViewSitterExampleUITests;
			productReference = A68DA5C72C0198FB00390C89 /* TextViewSitterExampleUITests.xctest */;
			productType = "com.apple.product-type.bundle.ui-testing";
		};
/* End PBXNativeTarget section */

/* Begin PBXProject section */
		A68DA5A22C0198F900390C89 /* Project object */ = {
			isa = PBXProject;
			attributes = {
				BuildIndependentTargetsInParallel = 1;
				LastSwiftUpdateCheck = 1540;
				LastUpgradeCheck = 1540;
				TargetAttributes = {
					A68DA5A92C0198F900390C89 = {
						CreatedOnToolsVersion = 15.4;
					};
					A68DA5BC2C0198FB00390C89 = {
						CreatedOnToolsVersion = 15.4;
						TestTargetID = A68DA5A92C0198F900390C89;
					};
					A68DA5C62C0198FB00390C89 = {
						CreatedOnToolsVersion = 15.4;
						TestTargetID = A68DA5A92C0198F900390C89;
					};
				};
			};
			buildConfigurationList = A68DA5A52C0198F900390C89 /* Build configuration list for PBXProject "TextViewSitterExample" */;
			compatibilityVersion = "Xcode 14.0";
			developmentRegion = en;
			hasScannedForEncodings = 0;
			knownRegions = (
				en,
				Base,
			);
			mainGroup = A68DA5A12C0198F900390C89;
			productRefGroup = A68DA5AB2C0198F900390C89 /* Products */;
			projectDirPath = "";
			projectRoot = "";
			targets = (
				A68DA5A92C0198F900390C89 /* TextViewSitterExample */,
				A68DA5BC2C0198FB00390C89 /* TextViewSitterExampleTests */,
				A68DA5C62C0198FB00390C89 /* TextViewSitterExampleUITests */,
			);
		};
/* End PBXProject section */

/* Begin PBXResourcesBuildPhase section */
		A68DA5A82C0198F900390C89 /* Resources */ = {
			isa = PBXResourcesBuildPhase;
			buildActionMask = 2147483647;
			files = (
				A68DA5B82C0198FA00390C89 /* Preview Assets.xcassets in Resources */,
				A68DA5B42C0198FA00390C89 /* Assets.xcassets in Resources */,
			);
			runOnlyForDeploymentPostprocessing = 0;
		};
		A68DA5BB2C0198FB00390C89 /* Resources */ = {
			isa = PBXResourcesBuildPhase;
			buildActionMask = 2147483647;
			files = (
			);
			runOnlyForDeploymentPostprocessing = 0;
		};
		A68DA5C52C0198FB00390C89 /* Resources */ = {
			isa = PBXResourcesBuildPhase;
			buildActionMask = 2147483647;
			files = (
			);
			runOnlyForDeploymentPostprocessing = 0;
		};
/* End PBXResourcesBuildPhase section */

/* Begin PBXSourcesBuildPhase section */
		A68DA5A62C0198F900390C89 /* Sources */ = {
			isa = PBXSourcesBuildPhase;
			buildActionMask = 2147483647;
			files = (
				A68DA5B02C0198F900390C89 /* ContentView.swift in Sources */,
				A61F12DD2C02559600427ACB /* Samples.swift in Sources */,
				A68DA5B22C0198F900390C89 /* Item.swift in Sources */,
				A68DA5AE2C0198F900390C89 /* TextViewSitterExampleApp.swift in Sources */,
			);
			runOnlyForDeploymentPostprocessing = 0;
		};
		A68DA5B92C0198FB00390C89 /* Sources */ = {
			isa = PBXSourcesBuildPhase;
			buildActionMask = 2147483647;
			files = (
				A68DA5C22C0198FB00390C89 /* TextViewSitterExampleTests.swift in Sources */,
			);
			runOnlyForDeploymentPostprocessing = 0;
		};
		A68DA5C32C0198FB00390C89 /* Sources */ = {
			isa = PBXSourcesBuildPhase;
			buildActionMask = 2147483647;
			files = (
				A68DA5CE2C0198FB00390C89 /* TextViewSitterExampleUITestsLaunchTests.swift in Sources */,
				A68DA5CC2C0198FB00390C89 /* TextViewSitterExampleUITests.swift in Sources */,
			);
			runOnlyForDeploymentPostprocessing = 0;
		};
/* End PBXSourcesBuildPhase section */

/* Begin PBXTargetDependency section */
		A68DA5BF2C0198FB00390C89 /* PBXTargetDependency */ = {
			isa = PBXTargetDependency;
			target = A68DA5A92C0198F900390C89 /* TextViewSitterExample */;
			targetProxy = A68DA5BE2C0198FB00390C89 /* PBXContainerItemProxy */;
		};
		A68DA5C92C0198FB00390C89 /* PBXTargetDependency */ = {
			isa = PBXTargetDependency;
			target = A68DA5A92C0198F900390C89 /* TextViewSitterExample */;
			targetProxy = A68DA5C82C0198FB00390C89 /* PBXContainerItemProxy */;
		};
/* End PBXTargetDependency section */

/* Begin XCBuildConfiguration section */
		A68DA5CF2C0198FB00390C89 /* Debug */ = {
			isa = XCBuildConfiguration;
			buildSettings = {
				ALWAYS_SEARCH_USER_PATHS = NO;
				ASSETCATALOG_COMPILER_GENERATE_SWIFT_ASSET_SYMBOL_EXTENSIONS = YES;
				CLANG_ANALYZER_NONNULL = YES;
				CLANG_ANALYZER_NUMBER_OBJECT_CONVERSION = YES_AGGRESSIVE;
				CLANG_CXX_LANGUAGE_STANDARD = "gnu++20";
				CLANG_ENABLE_MODULES = YES;
				CLANG_ENABLE_OBJC_ARC = YES;
				CLANG_ENABLE_OBJC_WEAK = YES;
				CLANG_WARN_BLOCK_CAPTURE_AUTORELEASING = YES;
				CLANG_WARN_BOOL_CONVERSION = YES;
				CLANG_WARN_COMMA = YES;
				CLANG_WARN_CONSTANT_CONVERSION = YES;
				CLANG_WARN_DEPRECATED_OBJC_IMPLEMENTATIONS = YES;
				CLANG_WARN_DIRECT_OBJC_ISA_USAGE = YES_ERROR;
				CLANG_WARN_DOCUMENTATION_COMMENTS = YES;
				CLANG_WARN_EMPTY_BODY = YES;
				CLANG_WARN_ENUM_CONVERSION = YES;
				CLANG_WARN_INFINITE_RECURSION = YES;
				CLANG_WARN_INT_CONVERSION = YES;
				CLANG_WARN_NON_LITERAL_NULL_CONVERSION = YES;
				CLANG_WARN_OBJC_IMPLICIT_RETAIN_SELF = YES;
				CLANG_WARN_OBJC_LITERAL_CONVERSION = YES;
				CLANG_WARN_OBJC_ROOT_CLASS = YES_ERROR;
				CLANG_WARN_QUOTED_INCLUDE_IN_FRAMEWORK_HEADER = YES;
				CLANG_WARN_RANGE_LOOP_ANALYSIS = YES;
				CLANG_WARN_STRICT_PROTOTYPES = YES;
				CLANG_WARN_SUSPICIOUS_MOVE = YES;
				CLANG_WARN_UNGUARDED_AVAILABILITY = YES_AGGRESSIVE;
				CLANG_WARN_UNREACHABLE_CODE = YES;
				CLANG_WARN__DUPLICATE_METHOD_MATCH = YES;
				COPY_PHASE_STRIP = NO;
				DEBUG_INFORMATION_FORMAT = dwarf;
				ENABLE_STRICT_OBJC_MSGSEND = YES;
				ENABLE_TESTABILITY = YES;
				ENABLE_USER_SCRIPT_SANDBOXING = YES;
				GCC_C_LANGUAGE_STANDARD = gnu17;
				GCC_DYNAMIC_NO_PIC = NO;
				GCC_NO_COMMON_BLOCKS = YES;
				GCC_OPTIMIZATION_LEVEL = 0;
				GCC_PREPROCESSOR_DEFINITIONS = (
					"DEBUG=1",
					"$(inherited)",
				);
				GCC_WARN_64_TO_32_BIT_CONVERSION = YES;
				GCC_WARN_ABOUT_RETURN_TYPE = YES_ERROR;
				GCC_WARN_UNDECLARED_SELECTOR = YES;
				GCC_WARN_UNINITIALIZED_AUTOS = YES_AGGRESSIVE;
				GCC_WARN_UNUSED_FUNCTION = YES;
				GCC_WARN_UNUSED_VARIABLE = YES;
				LOCALIZATION_PREFERS_STRING_CATALOGS = YES;
				MTL_ENABLE_DEBUG_INFO = INCLUDE_SOURCE;
				MTL_FAST_MATH = YES;
				ONLY_ACTIVE_ARCH = YES;
				SWIFT_ACTIVE_COMPILATION_CONDITIONS = "DEBUG $(inherited)";
				SWIFT_OPTIMIZATION_LEVEL = "-Onone";
			};
			name = Debug;
		};
		A68DA5D02C0198FB00390C89 /* Release */ = {
			isa = XCBuildConfiguration;
			buildSettings = {
				ALWAYS_SEARCH_USER_PATHS = NO;
				ASSETCATALOG_COMPILER_GENERATE_SWIFT_ASSET_SYMBOL_EXTENSIONS = YES;
				CLANG_ANALYZER_NONNULL = YES;
				CLANG_ANALYZER_NUMBER_OBJECT_CONVERSION = YES_AGGRESSIVE;
				CLANG_CXX_LANGUAGE_STANDARD = "gnu++20";
				CLANG_ENABLE_MODULES = YES;
				CLANG_ENABLE_OBJC_ARC = YES;
				CLANG_ENABLE_OBJC_WEAK = YES;
				CLANG_WARN_BLOCK_CAPTURE_AUTORELEASING = YES;
				CLANG_WARN_BOOL_CONVERSION = YES;
				CLANG_WARN_COMMA = YES;
				CLANG_WARN_CONSTANT_CONVERSION = YES;
				CLANG_WARN_DEPRECATED_OBJC_IMPLEMENTATIONS = YES;
				CLANG_WARN_DIRECT_OBJC_ISA_USAGE = YES_ERROR;
				CLANG_WARN_DOCUMENTATION_COMMENTS = YES;
				CLANG_WARN_EMPTY_BODY = YES;
				CLANG_WARN_ENUM_CONVERSION = YES;
				CLANG_WARN_INFINITE_RECURSION = YES;
				CLANG_WARN_INT_CONVERSION = YES;
				CLANG_WARN_NON_LITERAL_NULL_CONVERSION = YES;
				CLANG_WARN_OBJC_IMPLICIT_RETAIN_SELF = YES;
				CLANG_WARN_OBJC_LITERAL_CONVERSION = YES;
				CLANG_WARN_OBJC_ROOT_CLASS = YES_ERROR;
				CLANG_WARN_QUOTED_INCLUDE_IN_FRAMEWORK_HEADER = YES;
				CLANG_WARN_RANGE_LOOP_ANALYSIS = YES;
				CLANG_WARN_STRICT_PROTOTYPES = YES;
				CLANG_WARN_SUSPICIOUS_MOVE = YES;
				CLANG_WARN_UNGUARDED_AVAILABILITY = YES_AGGRESSIVE;
				CLANG_WARN_UNREACHABLE_CODE = YES;
				CLANG_WARN__DUPLICATE_METHOD_MATCH = YES;
				COPY_PHASE_STRIP = NO;
				DEBUG_INFORMATION_FORMAT = "dwarf-with-dsym";
				ENABLE_NS_ASSERTIONS = NO;
				ENABLE_STRICT_OBJC_MSGSEND = YES;
				ENABLE_USER_SCRIPT_SANDBOXING = YES;
				GCC_C_LANGUAGE_STANDARD = gnu17;
				GCC_NO_COMMON_BLOCKS = YES;
				GCC_WARN_64_TO_32_BIT_CONVERSION = YES;
				GCC_WARN_ABOUT_RETURN_TYPE = YES_ERROR;
				GCC_WARN_UNDECLARED_SELECTOR = YES;
				GCC_WARN_UNINITIALIZED_AUTOS = YES_AGGRESSIVE;
				GCC_WARN_UNUSED_FUNCTION = YES;
				GCC_WARN_UNUSED_VARIABLE = YES;
				LOCALIZATION_PREFERS_STRING_CATALOGS = YES;
				MTL_ENABLE_DEBUG_INFO = NO;
				MTL_FAST_MATH = YES;
				SWIFT_COMPILATION_MODE = wholemodule;
			};
			name = Release;
		};
		A68DA5D22C0198FB00390C89 /* Debug */ = {
			isa = XCBuildConfiguration;
			buildSettings = {
				ASSETCATALOG_COMPILER_APPICON_NAME = AppIcon;
				ASSETCATALOG_COMPILER_GLOBAL_ACCENT_COLOR_NAME = AccentColor;
				CODE_SIGN_ENTITLEMENTS = TextViewSitterExample/TextViewSitterExample.entitlements;
				CODE_SIGN_STYLE = Automatic;
				CURRENT_PROJECT_VERSION = 1;
				DEVELOPMENT_ASSET_PATHS = "\"TextViewSitterExample/Preview Content\"";
				DEVELOPMENT_TEAM = Z773AM52SJ;
				ENABLE_HARDENED_RUNTIME = YES;
				ENABLE_PREVIEWS = YES;
				GENERATE_INFOPLIST_FILE = YES;
				"INFOPLIST_KEY_UIApplicationSceneManifest_Generation[sdk=iphoneos*]" = YES;
				"INFOPLIST_KEY_UIApplicationSceneManifest_Generation[sdk=iphonesimulator*]" = YES;
				"INFOPLIST_KEY_UIApplicationSupportsIndirectInputEvents[sdk=iphoneos*]" = YES;
				"INFOPLIST_KEY_UIApplicationSupportsIndirectInputEvents[sdk=iphonesimulator*]" = YES;
				"INFOPLIST_KEY_UILaunchScreen_Generation[sdk=iphoneos*]" = YES;
				"INFOPLIST_KEY_UILaunchScreen_Generation[sdk=iphonesimulator*]" = YES;
				"INFOPLIST_KEY_UIStatusBarStyle[sdk=iphoneos*]" = UIStatusBarStyleDefault;
				"INFOPLIST_KEY_UIStatusBarStyle[sdk=iphonesimulator*]" = UIStatusBarStyleDefault;
				INFOPLIST_KEY_UISupportedInterfaceOrientations_iPad = "UIInterfaceOrientationPortrait UIInterfaceOrientationPortraitUpsideDown UIInterfaceOrientationLandscapeLeft UIInterfaceOrientationLandscapeRight";
				INFOPLIST_KEY_UISupportedInterfaceOrientations_iPhone = "UIInterfaceOrientationPortrait UIInterfaceOrientationLandscapeLeft UIInterfaceOrientationLandscapeRight";
				IPHONEOS_DEPLOYMENT_TARGET = 17.5;
				LD_RUNPATH_SEARCH_PATHS = "@executable_path/Frameworks";
				"LD_RUNPATH_SEARCH_PATHS[sdk=macosx*]" = "@executable_path/../Frameworks";
				MACOSX_DEPLOYMENT_TARGET = 14.0;
				MARKETING_VERSION = 1.0;
				PRODUCT_BUNDLE_IDENTIFIER = fm.folder.TextViewSitterExample;
				PRODUCT_NAME = "$(TARGET_NAME)";
				SDKROOT = auto;
				SUPPORTED_PLATFORMS = "iphoneos iphonesimulator macosx";
				SWIFT_EMIT_LOC_STRINGS = YES;
				SWIFT_VERSION = 5.0;
				TARGETED_DEVICE_FAMILY = "1,2";
			};
			name = Debug;
		};
		A68DA5D32C0198FB00390C89 /* Release */ = {
			isa = XCBuildConfiguration;
			buildSettings = {
				ASSETCATALOG_COMPILER_APPICON_NAME = AppIcon;
				ASSETCATALOG_COMPILER_GLOBAL_ACCENT_COLOR_NAME = AccentColor;
				CODE_SIGN_ENTITLEMENTS = TextViewSitterExample/TextViewSitterExample.entitlements;
				CODE_SIGN_STYLE = Automatic;
				CURRENT_PROJECT_VERSION = 1;
				DEVELOPMENT_ASSET_PATHS = "\"TextViewSitterExample/Preview Content\"";
				DEVELOPMENT_TEAM = Z773AM52SJ;
				ENABLE_HARDENED_RUNTIME = YES;
				ENABLE_PREVIEWS = YES;
				GENERATE_INFOPLIST_FILE = YES;
				"INFOPLIST_KEY_UIApplicationSceneManifest_Generation[sdk=iphoneos*]" = YES;
				"INFOPLIST_KEY_UIApplicationSceneManifest_Generation[sdk=iphonesimulator*]" = YES;
				"INFOPLIST_KEY_UIApplicationSupportsIndirectInputEvents[sdk=iphoneos*]" = YES;
				"INFOPLIST_KEY_UIApplicationSupportsIndirectInputEvents[sdk=iphonesimulator*]" = YES;
				"INFOPLIST_KEY_UILaunchScreen_Generation[sdk=iphoneos*]" = YES;
				"INFOPLIST_KEY_UILaunchScreen_Generation[sdk=iphonesimulator*]" = YES;
				"INFOPLIST_KEY_UIStatusBarStyle[sdk=iphoneos*]" = UIStatusBarStyleDefault;
				"INFOPLIST_KEY_UIStatusBarStyle[sdk=iphonesimulator*]" = UIStatusBarStyleDefault;
				INFOPLIST_KEY_UISupportedInterfaceOrientations_iPad = "UIInterfaceOrientationPortrait UIInterfaceOrientationPortraitUpsideDown UIInterfaceOrientationLandscapeLeft UIInterfaceOrientationLandscapeRight";
				INFOPLIST_KEY_UISupportedInterfaceOrientations_iPhone = "UIInterfaceOrientationPortrait UIInterfaceOrientationLandscapeLeft UIInterfaceOrientationLandscapeRight";
				IPHONEOS_DEPLOYMENT_TARGET = 17.5;
				LD_RUNPATH_SEARCH_PATHS = "@executable_path/Frameworks";
				"LD_RUNPATH_SEARCH_PATHS[sdk=macosx*]" = "@executable_path/../Frameworks";
				MACOSX_DEPLOYMENT_TARGET = 14.0;
				MARKETING_VERSION = 1.0;
				PRODUCT_BUNDLE_IDENTIFIER = fm.folder.TextViewSitterExample;
				PRODUCT_NAME = "$(TARGET_NAME)";
				SDKROOT = auto;
				SUPPORTED_PLATFORMS = "iphoneos iphonesimulator macosx";
				SWIFT_EMIT_LOC_STRINGS = YES;
				SWIFT_VERSION = 5.0;
				TARGETED_DEVICE_FAMILY = "1,2";
			};
			name = Release;
		};
		A68DA5D52C0198FB00390C89 /* Debug */ = {
			isa = XCBuildConfiguration;
			buildSettings = {
				ALWAYS_EMBED_SWIFT_STANDARD_LIBRARIES = YES;
				BUNDLE_LOADER = "$(TEST_HOST)";
				CODE_SIGN_STYLE = Automatic;
				CURRENT_PROJECT_VERSION = 1;
				DEVELOPMENT_TEAM = Z773AM52SJ;
				GENERATE_INFOPLIST_FILE = YES;
				IPHONEOS_DEPLOYMENT_TARGET = 17.5;
				MACOSX_DEPLOYMENT_TARGET = 14.4;
				MARKETING_VERSION = 1.0;
				PRODUCT_BUNDLE_IDENTIFIER = fm.folder.TextViewSitterExampleTests;
				PRODUCT_NAME = "$(TARGET_NAME)";
				SDKROOT = auto;
				SUPPORTED_PLATFORMS = "iphoneos iphonesimulator macosx";
				SWIFT_EMIT_LOC_STRINGS = NO;
				SWIFT_VERSION = 5.0;
				TARGETED_DEVICE_FAMILY = "1,2";
				TEST_HOST = "$(BUILT_PRODUCTS_DIR)/TextViewSitterExample.app/$(BUNDLE_EXECUTABLE_FOLDER_PATH)/TextViewSitterExample";
			};
			name = Debug;
		};
		A68DA5D62C0198FB00390C89 /* Release */ = {
			isa = XCBuildConfiguration;
			buildSettings = {
				ALWAYS_EMBED_SWIFT_STANDARD_LIBRARIES = YES;
				BUNDLE_LOADER = "$(TEST_HOST)";
				CODE_SIGN_STYLE = Automatic;
				CURRENT_PROJECT_VERSION = 1;
				DEVELOPMENT_TEAM = Z773AM52SJ;
				GENERATE_INFOPLIST_FILE = YES;
				IPHONEOS_DEPLOYMENT_TARGET = 17.5;
				MACOSX_DEPLOYMENT_TARGET = 14.4;
				MARKETING_VERSION = 1.0;
				PRODUCT_BUNDLE_IDENTIFIER = fm.folder.TextViewSitterExampleTests;
				PRODUCT_NAME = "$(TARGET_NAME)";
				SDKROOT = auto;
				SUPPORTED_PLATFORMS = "iphoneos iphonesimulator macosx";
				SWIFT_EMIT_LOC_STRINGS = NO;
				SWIFT_VERSION = 5.0;
				TARGETED_DEVICE_FAMILY = "1,2";
				TEST_HOST = "$(BUILT_PRODUCTS_DIR)/TextViewSitterExample.app/$(BUNDLE_EXECUTABLE_FOLDER_PATH)/TextViewSitterExample";
			};
			name = Release;
		};
		A68DA5D82C0198FB00390C89 /* Debug */ = {
			isa = XCBuildConfiguration;
			buildSettings = {
				ALWAYS_EMBED_SWIFT_STANDARD_LIBRARIES = YES;
				CODE_SIGN_STYLE = Automatic;
				CURRENT_PROJECT_VERSION = 1;
				DEVELOPMENT_TEAM = Z773AM52SJ;
				GENERATE_INFOPLIST_FILE = YES;
				IPHONEOS_DEPLOYMENT_TARGET = 17.5;
				MACOSX_DEPLOYMENT_TARGET = 14.4;
				MARKETING_VERSION = 1.0;
				PRODUCT_BUNDLE_IDENTIFIER = fm.folder.TextViewSitterExampleUITests;
				PRODUCT_NAME = "$(TARGET_NAME)";
				SDKROOT = auto;
				SUPPORTED_PLATFORMS = "iphoneos iphonesimulator macosx";
				SWIFT_EMIT_LOC_STRINGS = NO;
				SWIFT_VERSION = 5.0;
				TARGETED_DEVICE_FAMILY = "1,2";
				TEST_TARGET_NAME = TextViewSitterExample;
			};
			name = Debug;
		};
		A68DA5D92C0198FB00390C89 /* Release */ = {
			isa = XCBuildConfiguration;
			buildSettings = {
				ALWAYS_EMBED_SWIFT_STANDARD_LIBRARIES = YES;
				CODE_SIGN_STYLE = Automatic;
				CURRENT_PROJECT_VERSION = 1;
				DEVELOPMENT_TEAM = Z773AM52SJ;
				GENERATE_INFOPLIST_FILE = YES;
				IPHONEOS_DEPLOYMENT_TARGET = 17.5;
				MACOSX_DEPLOYMENT_TARGET = 14.4;
				MARKETING_VERSION = 1.0;
				PRODUCT_BUNDLE_IDENTIFIER = fm.folder.TextViewSitterExampleUITests;
				PRODUCT_NAME = "$(TARGET_NAME)";
				SDKROOT = auto;
				SUPPORTED_PLATFORMS = "iphoneos iphonesimulator macosx";
				SWIFT_EMIT_LOC_STRINGS = NO;
				SWIFT_VERSION = 5.0;
				TARGETED_DEVICE_FAMILY = "1,2";
				TEST_TARGET_NAME = TextViewSitterExample;
			};
			name = Release;
		};
/* End XCBuildConfiguration section */

/* Begin XCConfigurationList section */
		A68DA5A52C0198F900390C89 /* Build configuration list for PBXProject "TextViewSitterExample" */ = {
			isa = XCConfigurationList;
			buildConfigurations = (
				A68DA5CF2C0198FB00390C89 /* Debug */,
				A68DA5D02C0198FB00390C89 /* Release */,
			);
			defaultConfigurationIsVisible = 0;
			defaultConfigurationName = Release;
		};
		A68DA5D12C0198FB00390C89 /* Build configuration list for PBXNativeTarget "TextViewSitterExample" */ = {
			isa = XCConfigurationList;
			buildConfigurations = (
				A68DA5D22C0198FB00390C89 /* Debug */,
				A68DA5D32C0198FB00390C89 /* Release */,
			);
			defaultConfigurationIsVisible = 0;
			defaultConfigurationName = Release;
		};
		A68DA5D42C0198FB00390C89 /* Build configuration list for PBXNativeTarget "TextViewSitterExampleTests" */ = {
			isa = XCConfigurationList;
			buildConfigurations = (
				A68DA5D52C0198FB00390C89 /* Debug */,
				A68DA5D62C0198FB00390C89 /* Release */,
			);
			defaultConfigurationIsVisible = 0;
			defaultConfigurationName = Release;
		};
		A68DA5D72C0198FB00390C89 /* Build configuration list for PBXNativeTarget "TextViewSitterExampleUITests" */ = {
			isa = XCConfigurationList;
			buildConfigurations = (
				A68DA5D82C0198FB00390C89 /* Debug */,
				A68DA5D92C0198FB00390C89 /* Release */,
			);
			defaultConfigurationIsVisible = 0;
			defaultConfigurationName = Release;
		};
/* End XCConfigurationList section */

/* Begin XCSwiftPackageProductDependency section */
		A68DA5DC2C019B5800390C89 /* TextViewSitter */ = {
			isa = XCSwiftPackageProductDependency;
			productName = TextViewSitter;
		};
/* End XCSwiftPackageProductDependency section */
	};
	rootObject = A68DA5A22C0198F900390C89 /* Project object */;
}
